<?xml version="1.0" encoding="utf-8"?>
<Project ToolsVersion="4.0" xmlns="http://schemas.microsoft.com/developer/msbuild/2003">
  <ItemGroup>
    <Filter Include="Source Files">
      <UniqueIdentifier>{4FC737F1-C7A5-4376-A066-2A32D752A2FF}</UniqueIdentifier>
      <Extensions>cpp;c;cc;cxx;c++;cppm;ixx;def;odl;idl;hpj;bat;asm;asmx</Extensions>
    </Filter>
    <Filter Include="Header Files">
      <UniqueIdentifier>{93995380-89BD-4b04-88EB-625FBE52EBFB}</UniqueIdentifier>
      <Extensions>h;hh;hpp;hxx;h++;hm;inl;inc;ipp;xsd</Extensions>
    </Filter>
    <Filter Include="Resource Files">
      <UniqueIdentifier>{67DA6AB6-F800-4c08-8B7A-83BB121AAD01}</UniqueIdentifier>
      <Extensions>rc;ico;cur;bmp;dlg;rc2;rct;bin;rgs;gif;jpg;jpeg;jpe;resx;tiff;tif;png;wav;mfcribbon-ms</Extensions>
    </Filter>
  </ItemGroup>
  <ItemGroup>
    <ClCompile Include="main.cpp">
      <Filter>Source Files</Filter>
    </ClCompile>
    <ClCompile Include="Mesh.cpp">
      <Filter>Source Files</Filter>
    </ClCompile>
    <ClCompile Include="Shader.cpp">
      <Filter>Source Files</Filter>
    </ClCompile>
    <ClCompile Include="GlfwCamera.hpp">
      <Filter>Header Files</Filter>
    </ClCompile>
    <ClCompile Include="Texture.cpp">
      <Filter>Source Files</Filter>
    </ClCompile>
    <ClCompile Include="RectangularPrism.cpp">
      <Filter>Source Files</Filter>
    </ClCompile>
    <ClCompile Include="Light.cpp">
      <Filter>Source Files</Filter>
    </ClCompile>
    <ClCompile Include="Material.cpp">
      <Filter>Source Files</Filter>
    </ClCompile>
    <ClCompile Include="DirectionalLight.cpp">
      <Filter>Source Files</Filter>
    </ClCompile>
    <ClCompile Include="PointLight.cpp">
      <Filter>Source Files</Filter>
    </ClCompile>
    <ClCompile Include="SpotLight.cpp">
      <Filter>Source Files</Filter>
    </ClCompile>
    <ClCompile Include="MeshGroup.cpp">
      <Filter>Source Files</Filter>
    </ClCompile>
    <ClCompile Include="ShadowMap.cpp">
      <Filter>Source Files</Filter>
    </ClCompile>
    <ClCompile Include="UtilityDebug.cpp">
      <Filter>Resource Files</Filter>
    </ClCompile>
    <ClCompile Include="OmniShadowMap.cpp">
      <Filter>Source Files</Filter>
    </ClCompile>
    <ClCompile Include="Sprite.cpp">
      <Filter>Source Files</Filter>
    </ClCompile>
    <ClCompile Include="stb_image.cpp">
      <Filter>Source Files</Filter>
    </ClCompile>
    <ClCompile Include="Skybox.cpp">
      <Filter>Source Files</Filter>
    </ClCompile>
  </ItemGroup>
  <ItemGroup>
    <ClInclude Include="SdlWindow.hpp">
      <Filter>Header Files</Filter>
    </ClInclude>
    <ClInclude Include="Mesh.hpp">
      <Filter>Header Files</Filter>
    </ClInclude>
    <ClInclude Include="BasicRenderPipeline.md">
      <Filter>Resource Files</Filter>
    </ClInclude>
    <ClInclude Include="GlfwWindow.hpp">
      <Filter>Header Files</Filter>
    </ClInclude>
    <ClInclude Include="Shader.hpp">
      <Filter>Header Files</Filter>
    </ClInclude>
    <ClInclude Include="GlfwGame.hpp">
      <Filter>Header Files</Filter>
    </ClInclude>
    <ClInclude Include="Texture.hpp">
      <Filter>Header Files</Filter>
    </ClInclude>
    <ClInclude Include="Light.hpp">
      <Filter>Header Files</Filter>
    </ClInclude>
    <ClInclude Include="RectangularPrism.hpp">
      <Filter>Header Files</Filter>
    </ClInclude>
    <ClInclude Include="Material.hpp">
      <Filter>Header Files</Filter>
    </ClInclude>
    <ClInclude Include="DirectionalLight.hpp">
      <Filter>Header Files</Filter>
    </ClInclude>
    <ClInclude Include="PointLight.hpp">
      <Filter>Header Files</Filter>
    </ClInclude>
    <ClInclude Include="CameraBall.hpp">
      <Filter>Header Files</Filter>
    </ClInclude>
    <ClInclude Include="MeshCollider.hpp">
      <Filter>Header Files</Filter>
    </ClInclude>
    <ClInclude Include="Simplex.hpp">
      <Filter>Header Files</Filter>
    </ClInclude>
    <ClInclude Include="ManifoldPoints.hpp">
      <Filter>Header Files</Filter>
    </ClInclude>
    <ClInclude Include="PhysicsModel.hpp">
      <Filter>Header Files</Filter>
    </ClInclude>
    <ClInclude Include="Object.hpp">
      <Filter>Header Files</Filter>
    </ClInclude>
    <ClInclude Include="Entity.hpp">
      <Filter>Header Files</Filter>
    </ClInclude>
    <ClInclude Include="Player.hpp">
      <Filter>Header Files</Filter>
    </ClInclude>
    <ClInclude Include="Camera.hpp">
      <Filter>Header Files</Filter>
    </ClInclude>
    <ClInclude Include="SpotLight.hpp">
      <Filter>Header Files</Filter>
    </ClInclude>
    <ClInclude Include="MeshGroup.hpp">
      <Filter>Header Files</Filter>
    </ClInclude>
    <ClInclude Include="ShadowMap.hpp">
      <Filter>Header Files</Filter>
    </ClInclude>
    <ClInclude Include="OmniShadowMap.hpp">
      <Filter>Header Files</Filter>
    </ClInclude>
    <ClInclude Include="Sprite.hpp">
      <Filter>Header Files</Filter>
    </ClInclude>
    <ClInclude Include="Skybox.hpp">
      <Filter>Header Files</Filter>
    </ClInclude>
  </ItemGroup>
  <ItemGroup>
    <None Include="VectorsMatricesUniformVariables.md">
      <Filter>Resource Files</Filter>
    </None>
    <None Include="InterpolationIndexedDrawsProjections.md">
      <Filter>Resource Files</Filter>
    </None>
    <None Include="vertexShader.vert">
      <Filter>Resource Files</Filter>
    </None>
    <None Include="fragmentShader.frag">
      <Filter>Resource Files</Filter>
    </None>
    <None Include="CameraAndUserInput.md">
      <Filter>Resource Files</Filter>
    </None>
    <None Include="TexturesAndImageLoading.md">
      <Filter>Resource Files</Filter>
    </None>
    <None Include="PhongLightingAndDirectionalLights.md">
      <Filter>Resource Files</Filter>
    </None>
    <None Include="fragmentShaderColor.frag">
      <Filter>Resource Files</Filter>
    </None>
    <None Include="MovingCamera.md">
      <Filter>Resource Files</Filter>
    </None>
    <None Include="PointLightAndSpotLights.md">
      <Filter>Resource Files</Filter>
    </None>
    <None Include="ScalingAndClippingTextures.md">
      <Filter>Resource Files</Filter>
    </None>
    <None Include="vDirectionalShadowMap.vert">
      <Filter>Resource Files</Filter>
    </None>
    <None Include="fDirectionalShadowMap.frag">
      <Filter>Resource Files</Filter>
    </None>
    <None Include="ShadowMapping.md">
      <Filter>Resource Files</Filter>
    </None>
    <None Include="shadowPass.frag">
      <Filter>Resource Files</Filter>
    </None>
    <None Include="shadowPass.vert">
      <Filter>Resource Files</Filter>
    </None>
    <None Include="OmnidirectionalShadowsCubeMapsGeomShader.md">
      <Filter>Resource Files</Filter>
    </None>
    <None Include="omniShadowMap.vert">
      <Filter>Resource Files</Filter>
    </None>
    <None Include="omniShadowMap.frag">
      <Filter>Resource Files</Filter>
    </None>
    <None Include="omniShadowMap.geom">
      <Filter>Resource Files</Filter>
    </None>
    <None Include="Skybox.md">
      <Filter>Resource Files</Filter>
    </None>
    <None Include="skyboxShader.frag">
      <Filter>Resource Files</Filter>
    </None>
    <None Include="skyboxShader.vert">
      <Filter>Resource Files</Filter>
    </None>
  </ItemGroup>
</Project>